
Microsoft Visual Studio Solution File, Format Version 12.00
# Visual Studio 2013
VisualStudioVersion = 12.0.31101.0
MinimumVisualStudioVersion = 10.0.40219.1
Project("{FAE04EC0-301F-11D3-BF4B-00C04F79EFBC}") = "HighIronRanch.Core", "HighIronRanch.Core\HighIronRanch.Core.csproj", "{7DCD519A-004E-43D2-B9B8-8B21F551DD96}"
EndProject
Global
	GlobalSection(SolutionConfigurationPlatforms) = preSolution
		Debug|Any CPU = Debug|Any CPU
		Release|Any CPU = Release|Any CPU
	EndGlobalSection
	GlobalSection(ProjectConfigurationPlatforms) = postSolution
		{7DCD519A-004E-43D2-B9B8-8B21F551DD96}.Debug|Any CPU.ActiveCfg = Debug|Any CPU
		{7DCD519A-004E-43D2-B9B8-8B21F551DD96}.Debug|Any CPU.Build.0 = Debug|Any CPU
		{7DCD519A-004E-43D2-B9B8-8B21F551DD96}.Release|Any CPU.ActiveCfg = Release|Any CPU
		{7DCD519A-004E-43D2-B9B8-8B21F551DD96}.Release|Any CPU.Build.0 = Release|Any CPU
	EndGlobalSection
	GlobalSection(SolutionProperties) = preSolution
		HideSolutionNode = FALSE
	EndGlobalSection
EndGlobal
